# This file is automatically @generated by Cargo.
# It is not intended for manual editing.
version = 4

[[package]]
name = "warden-ai"
version = "0.1.0"
dependencies = [
 "warden-core",
 "warden-diagnostics",
 "warden-http",
]

[[package]]
name = "warden-bisect"
version = "0.1.0"
dependencies = [
 "warden-core",
 "warden-diagnostics",
]

[[package]]
name = "warden-catalog"
version = "0.1.0"
dependencies = [
 "warden-core",
 "warden-http",
]

[[package]]
name = "warden-configs"
version = "0.1.0"
dependencies = [
 "warden-core",
 "warden-jarmeta",
]

[[package]]
name = "warden-core"
version = "0.1.0"

[[package]]
name = "warden-curseforge"
version = "0.1.0"
dependencies = [
 "warden-core",
 "warden-http",
 "warden-packwiz",
]

[[package]]
name = "warden-diagnostics"
version = "0.1.0"
dependencies = [
 "warden-catalog",
 "warden-core",
 "warden-curseforge",
 "warden-jarmeta",
 "warden-modrinth",
 "warden-packwiz",
]

[[package]]
name = "warden-discovery"
version = "0.1.0"
dependencies = [
 "warden-core",
 "warden-curseforge",
 "warden-http",
 "warden-modrinth",
]

[[package]]
name = "warden-export"
version = "0.1.0"
dependencies = [
 "warden-core",
 "warden-packwiz",
 "warden-packwiz-cli",
 "warden-project",
]

[[package]]
name = "warden-http"
version = "0.1.0"
dependencies = [
 "warden-core",
]

[[package]]
name = "warden-import"
version = "0.1.0"
dependencies = [
 "warden-core",
 "warden-curseforge",
 "warden-http",
 "warden-jarmeta",
 "warden-modrinth",
 "warden-packwiz",
 "warden-packwiz-cli",
]

[[package]]
name = "warden-instance"
version = "0.1.0"
dependencies = [
 "warden-configs",
 "warden-core",
 "warden-curseforge",
 "warden-http",
 "warden-modrinth",
 "warden-packwiz",
]

[[package]]
name = "warden-jarmeta"
version = "0.1.0"
dependencies = [
 "warden-core",
]

[[package]]
name = "warden-java"
version = "0.1.0"
dependencies = [
 "warden-core",
 "warden-http",
]

[[package]]
name = "warden-launcher"
version = "0.1.0"
dependencies = [
 "warden-catalog",
 "warden-core",
 "warden-java",
]

[[package]]
name = "warden-mixin"
version = "0.1.0"
dependencies = [
 "warden-core",
 "warden-jarmeta",
]

[[package]]
name = "warden-modrinth"
version = "0.1.0"
dependencies = [
 "warden-core",
 "warden-http",
]

[[package]]
name = "warden-packwiz"
version = "0.1.0"
dependencies = [
 "warden-core",
]

[[package]]
name = "warden-packwiz-cli"
version = "0.1.0"
dependencies = [
 "warden-core",
 "warden-packwiz",
]

[[package]]
name = "warden-perf"
version = "0.1.0"
dependencies = [
 "warden-core",
]

[[package]]
name = "warden-project"
version = "0.1.0"
dependencies = [
 "warden-catalog",
 "warden-core",
 "warden-curseforge",
 "warden-http",
 "warden-jarmeta",
 "warden-modrinth",
 "warden-packwiz",
 "warden-packwiz-cli",
]

[[package]]
name = "warden-scripts"
version = "0.1.0"
dependencies = [
 "warden-core",
 "warden-http",
 "warden-jarmeta",
]

[[package]]
name = "warden-secrets"
version = "0.1.0"
dependencies = [
 "warden-core",
]

[[package]]
name = "warden-server"
version = "0.1.0"
dependencies = [
 "warden-catalog",
 "warden-core",
 "warden-http",
 "warden-instance",
 "warden-java",
]

[[package]]
name = "warden-versioning"
version = "0.1.0"
dependencies = [
 "warden-core",
 "warden-http",
 "warden-packwiz",
]
